
Microsoft Visual Studio Solution File, Format Version 12.00
# Visual Studio 14
VisualStudioVersion = 14.0.23107.0
MinimumVisualStudioVersion = 10.0.40219.1
Project("{FAE04EC0-301F-11D3-BF4B-00C04F79EFBC}") = "FOWeb", "FOWeb\FOWeb.csproj", "{40E4D32C-7380-4226-A95B-9DEC8FD1D2C6}"
EndProject
Project("{FAE04EC0-301F-11D3-BF4B-00C04F79EFBC}") = "FOWeb.Tests", "FOWeb.Tests\FOWeb.Tests.csproj", "{3C396870-32BB-4A8B-B5A2-D2D5C3EF5A46}"
EndProject
Global
	GlobalSection(SolutionConfigurationPlatforms) = preSolution
		Debug|Any CPU = Debug|Any CPU
		Release|Any CPU = Release|Any CPU
	EndGlobalSection
	GlobalSection(ProjectConfigurationPlatforms) = postSolution
		{40E4D32C-7380-4226-A95B-9DEC8FD1D2C6}.Debug|Any CPU.ActiveCfg = Debug|Any CPU
		{40E4D32C-7380-4226-A95B-9DEC8FD1D2C6}.Debug|Any CPU.Build.0 = Debug|Any CPU
		{40E4D32C-7380-4226-A95B-9DEC8FD1D2C6}.Release|Any CPU.ActiveCfg = Release|Any CPU
		{40E4D32C-7380-4226-A95B-9DEC8FD1D2C6}.Release|Any CPU.Build.0 = Release|Any CPU
		{3C396870-32BB-4A8B-B5A2-D2D5C3EF5A46}.Debug|Any CPU.ActiveCfg = Debug|Any CPU
		{3C396870-32BB-4A8B-B5A2-D2D5C3EF5A46}.Debug|Any CPU.Build.0 = Debug|Any CPU
		{3C396870-32BB-4A8B-B5A2-D2D5C3EF5A46}.Release|Any CPU.ActiveCfg = Release|Any CPU
		{3C396870-32BB-4A8B-B5A2-D2D5C3EF5A46}.Release|Any CPU.Build.0 = Release|Any CPU
	EndGlobalSection
	GlobalSection(SolutionProperties) = preSolution
		HideSolutionNode = FALSE
	EndGlobalSection
EndGlobal
